// !$*UTF8*$!
{
	archiveVersion = 1;
	classes = {
	};
	objectVersion = 50;
	objects = {

/* Begin PBXBuildFile section */
		01396D76230E43C2002C0569 /* Category.swift in Sources */ = {isa = PBXBuildFile; fileRef = 01396D75230E43C2002C0569 /* Category.swift */; };
		01396D78230E49EB002C0569 /* CategoryCell.swift in Sources */ = {isa = PBXBuildFile; fileRef = 01396D77230E49EB002C0569 /* CategoryCell.swift */; };
		01396D7C230E60FF002C0569 /* ProductsVC.swift in Sources */ = {isa = PBXBuildFile; fileRef = 01396D7B230E60FF002C0569 /* ProductsVC.swift */; };
		01396D7E230E6251002C0569 /* Products.swift in Sources */ = {isa = PBXBuildFile; fileRef = 01396D7D230E6251002C0569 /* Products.swift */; };
		01396D80230E7BB7002C0569 /* ProductsCell.swift in Sources */ = {isa = PBXBuildFile; fileRef = 01396D7F230E7BB7002C0569 /* ProductsCell.swift */; };
		4619CD99230CEECF0034D148 /* AppDelegate.swift in Sources */ = {isa = PBXBuildFile; fileRef = 4619CD98230CEECF0034D148 /* AppDelegate.swift */; };
		4619CD9B230CEECF0034D148 /* CategoriesVC.swift in Sources */ = {isa = PBXBuildFile; fileRef = 4619CD9A230CEECF0034D148 /* CategoriesVC.swift */; };
		4619CD9E230CEECF0034D148 /* Main.storyboard in Resources */ = {isa = PBXBuildFile; fileRef = 4619CD9C230CEECF0034D148 /* Main.storyboard */; };
		4619CDA0230CEED10034D148 /* Assets.xcassets in Resources */ = {isa = PBXBuildFile; fileRef = 4619CD9F230CEED10034D148 /* Assets.xcassets */; };
		4619CDA3230CEED10034D148 /* LaunchScreen.storyboard in Resources */ = {isa = PBXBuildFile; fileRef = 4619CDA1230CEED10034D148 /* LaunchScreen.storyboard */; };
/* End PBXBuildFile section */

/* Begin PBXFileReference section */
		01396D75230E43C2002C0569 /* Category.swift */ = {isa = PBXFileReference; lastKnownFileType = sourcecode.swift; path = Category.swift; sourceTree = "<group>"; };
		01396D77230E49EB002C0569 /* CategoryCell.swift */ = {isa = PBXFileReference; lastKnownFileType = sourcecode.swift; path = CategoryCell.swift; sourceTree = "<group>"; };
		01396D7B230E60FF002C0569 /* ProductsVC.swift */ = {isa = PBXFileReference; lastKnownFileType = sourcecode.swift; path = ProductsVC.swift; sourceTree = "<group>"; };
		01396D7D230E6251002C0569 /* Products.swift */ = {isa = PBXFileReference; lastKnownFileType = sourcecode.swift; path = Products.swift; sourceTree = "<group>"; };
		01396D7F230E7BB7002C0569 /* ProductsCell.swift */ = {isa = PBXFileReference; lastKnownFileType = sourcecode.swift; path = ProductsCell.swift; sourceTree = "<group>"; };
		4619CD95230CEECF0034D148 /* SwiftSwag.app */ = {isa = PBXFileReference; explicitFileType = wrapper.application; includeInIndex = 0; path = SwiftSwag.app; sourceTree = BUILT_PRODUCTS_DIR; };
		4619CD98230CEECF0034D148 /* AppDelegate.swift */ = {isa = PBXFileReference; lastKnownFileType = sourcecode.swift; path = AppDelegate.swift; sourceTree = "<group>"; };
		4619CD9A230CEECF0034D148 /* CategoriesVC.swift */ = {isa = PBXFileReference; lastKnownFileType = sourcecode.swift; path = CategoriesVC.swift; sourceTree = "<group>"; };
		4619CD9D230CEECF0034D148 /* Base */ = {isa = PBXFileReference; lastKnownFileType = file.storyboard; name = Base; path = Base.lproj/Main.storyboard; sourceTree = "<group>"; };
		4619CD9F230CEED10034D148 /* Assets.xcassets */ = {isa = PBXFileReference; lastKnownFileType = folder.assetcatalog; path = Assets.xcassets; sourceTree = "<group>"; };
		4619CDA2230CEED10034D148 /* Base */ = {isa = PBXFileReference; lastKnownFileType = file.storyboard; name = Base; path = Base.lproj/LaunchScreen.storyboard; sourceTree = "<group>"; };
		4619CDA4230CEED20034D148 /* Info.plist */ = {isa = PBXFileReference; lastKnownFileType = text.plist.xml; path = Info.plist; sourceTree = "<group>"; };
/* End PBXFileReference section */

/* Begin PBXFrameworksBuildPhase section */
		4619CD92230CEECF0034D148 /* Frameworks */ = {
			isa = PBXFrameworksBuildPhase;
			buildActionMask = 2147483647;
			files = (
			);
			runOnlyForDeploymentPostprocessing = 0;
		};
/* End PBXFrameworksBuildPhase section */

/* Begin PBXGroup section */
		4619CD8C230CEECF0034D148 = {
			isa = PBXGroup;
			children = (
				4619CD97230CEECF0034D148 /* SwiftSwag */,
				4619CD96230CEECF0034D148 /* Products */,
			);
			sourceTree = "<group>";
		};
		4619CD96230CEECF0034D148 /* Products */ = {
			isa = PBXGroup;
			children = (
				4619CD95230CEECF0034D148 /* SwiftSwag.app */,
			);
			name = Products;
			sourceTree = "<group>";
		};
		4619CD97230CEECF0034D148 /* SwiftSwag */ = {
			isa = PBXGroup;
			children = (
				4619CDAC230CEF100034D148 /* Model */,
				4619CDAB230CEF0A0034D148 /* View */,
				4619CDAA230CEEFE0034D148 /* Controller */,
				4619CD98230CEECF0034D148 /* AppDelegate.swift */,
				4619CD9F230CEED10034D148 /* Assets.xcassets */,
				4619CDA4230CEED20034D148 /* Info.plist */,
			);
			path = SwiftSwag;
			sourceTree = "<group>";
		};
		4619CDAA230CEEFE0034D148 /* Controller */ = {
			isa = PBXGroup;
			children = (
				4619CD9A230CEECF0034D148 /* CategoriesVC.swift */,
				01396D7B230E60FF002C0569 /* ProductsVC.swift */,
			);
			path = Controller;
			sourceTree = "<group>";
		};
		4619CDAB230CEF0A0034D148 /* View */ = {
			isa = PBXGroup;
			children = (
				4619CD9C230CEECF0034D148 /* Main.storyboard */,
				4619CDA1230CEED10034D148 /* LaunchScreen.storyboard */,
				01396D77230E49EB002C0569 /* CategoryCell.swift */,
				01396D7F230E7BB7002C0569 /* ProductsCell.swift */,
			);
			path = View;
			sourceTree = "<group>";
		};
		4619CDAC230CEF100034D148 /* Model */ = {
			isa = PBXGroup;
			children = (
				01396D75230E43C2002C0569 /* Category.swift */,
				01396D7D230E6251002C0569 /* Products.swift */,
			);
			path = Model;
			sourceTree = "<group>";
		};
/* End PBXGroup section */

/* Begin PBXNativeTarget section */
		4619CD94230CEECF0034D148 /* SwiftSwag */ = {
			isa = PBXNativeTarget;
			buildConfigurationList = 4619CDA7230CEED20034D148 /* Build configuration list for PBXNativeTarget "SwiftSwag" */;
			buildPhases = (
				4619CD91230CEECF0034D148 /* Sources */,
				4619CD92230CEECF0034D148 /* Frameworks */,
				4619CD93230CEECF0034D148 /* Resources */,
			);
			buildRules = (
			);
			dependencies = (
			);
			name = SwiftSwag;
			productName = SwiftSwag;
			productReference = 4619CD95230CEECF0034D148 /* SwiftSwag.app */;
			productType = "com.apple.product-type.application";
		};
/* End PBXNativeTarget section */

/* Begin PBXProject section */
		4619CD8D230CEECF0034D148 /* Project object */ = {
			isa = PBXProject;
			attributes = {
				LastSwiftUpdateCheck = 1030;
				LastUpgradeCheck = 1030;
				ORGANIZATIONNAME = "David Gunawan";
				TargetAttributes = {
					4619CD94230CEECF0034D148 = {
						CreatedOnToolsVersion = 10.3;
					};
				};
			};
			buildConfigurationList = 4619CD90230CEECF0034D148 /* Build configuration list for PBXProject "SwiftSwag" */;
			compatibilityVersion = "Xcode 9.3";
			developmentRegion = en;
			hasScannedForEncodings = 0;
			knownRegions = (
				en,
				Base,
			);
			mainGroup = 4619CD8C230CEECF0034D148;
			productRefGroup = 4619CD96230CEECF0034D148 /* Products */;
			projectDirPath = "";
			projectRoot = "";
			targets = (
				4619CD94230CEECF0034D148 /* SwiftSwag */,
			);
		};
/* End PBXProject section */

/* Begin PBXResourcesBuildPhase section */
		4619CD93230CEECF0034D148 /* Resources */ = {
			isa = PBXResourcesBuildPhase;
			buildActionMask = 2147483647;
			files = (
				4619CDA3230CEED10034D148 /* LaunchScreen.storyboard in Resources */,
				4619CDA0230CEED10034D148 /* Assets.xcassets in Resources */,
				4619CD9E230CEECF0034D148 /* Main.storyboard in Resources */,
			);
			runOnlyForDeploymentPostprocessing = 0;
		};
/* End PBXResourcesBuildPhase section */

/* Begin PBXSourcesBuildPhase section */
		4619CD91230CEECF0034D148 /* Sources */ = {
			isa = PBXSourcesBuildPhase;
			buildActionMask = 2147483647;
			files = (
				01396D7C230E60FF002C0569 /* ProductsVC.swift in Sources */,
				4619CD9B230CEECF0034D148 /* CategoriesVC.swift in Sources */,
				01396D80230E7BB7002C0569 /* ProductsCell.swift in Sources */,
				4619CD99230CEECF0034D148 /* AppDelegate.swift in Sources */,
				01396D7E230E6251002C0569 /* Products.swift in Sources */,
				01396D76230E43C2002C0569 /* Category.swift in Sources */,
				01396D78230E49EB002C0569 /* CategoryCell.swift in Sources */,
			);
			runOnlyForDeploymentPostprocessing = 0;
		};
/* End PBXSourcesBuildPhase section */

/* Begin PBXVariantGroup section */
		4619CD9C230CEECF0034D148 /* Main.storyboard */ = {
			isa = PBXVariantGroup;
			children = (
				4619CD9D230CEECF0034D148 /* Base */,
			);
			name = Main.storyboard;
			sourceTree = "<group>";
		};
		4619CDA1230CEED10034D148 /* LaunchScreen.storyboard */ = {
			isa = PBXVariantGroup;
			children = (
				4619CDA2230CEED10034D148 /* Base */,
			);
			name = LaunchScreen.storyboard;
			sourceTree = "<group>";
		};
/* End PBXVariantGroup section */

/* Begin XCBuildConfiguration section */
		4619CDA5230CEED20034D148 /* Debug */ = {
			isa = XCBuildConfiguration;
			buildSettings = {
				ALWAYS_SEARCH_USER_PATHS = NO;
				CLANG_ANALYZER_NONNULL = YES;
				CLANG_ANALYZER_NUMBER_OBJECT_CONVERSION = YES_AGGRESSIVE;
				CLANG_CXX_LANGUAGE_STANDARD = "gnu++14";
				CLANG_CXX_LIBRARY = "libc++";
				CLANG_ENABLE_MODULES = YES;
				CLANG_ENABLE_OBJC_ARC = YES;
				CLANG_ENABLE_OBJC_WEAK = YES;
				CLANG_WARN_BLOCK_CAPTURE_AUTORELEASING = YES;
				CLANG_WARN_BOOL_CONVERSION = YES;
				CLANG_WARN_COMMA = YES;
				CLANG_WARN_CONSTANT_CONVERSION = YES;
				CLANG_WARN_DEPRECATED_OBJC_IMPLEMENTATIONS = YES;
				CLANG_WARN_DIRECT_OBJC_ISA_USAGE = YES_ERROR;
				CLANG_WARN_DOCUMENTATION_COMMENTS = YES;
				CLANG_WARN_EMPTY_BODY = YES;
				CLANG_WARN_ENUM_CONVERSION = YES;
				CLANG_WARN_INFINITE_RECURSION = YES;
				CLANG_WARN_INT_CONVERSION = YES;
				CLANG_WARN_NON_LITERAL_NULL_CONVERSION = YES;
				CLANG_WARN_OBJC_IMPLICIT_RETAIN_SELF = YES;
				CLANG_WARN_OBJC_LITERAL_CONVERSION = YES;
				CLANG_WARN_OBJC_ROOT_CLASS = YES_ERROR;
				CLANG_WARN_RANGE_LOOP_ANALYSIS = YES;
				CLANG_WARN_STRICT_PROTOTYPES = YES;
				CLANG_WARN_SUSPICIOUS_MOVE = YES;
				CLANG_WARN_UNGUARDED_AVAILABILITY = YES_AGGRESSIVE;
				CLANG_WARN_UNREACHABLE_CODE = YES;
				CLANG_WARN__DUPLICATE_METHOD_MATCH = YES;
				CODE_SIGN_IDENTITY = "iPhone Developer";
				COPY_PHASE_STRIP = NO;
				DEBUG_INFORMATION_FORMAT = dwarf;
				ENABLE_STRICT_OBJC_MSGSEND = YES;
				ENABLE_TESTABILITY = YES;
				GCC_C_LANGUAGE_STANDARD = gnu11;
				GCC_DYNAMIC_NO_PIC = NO;
				GCC_NO_COMMON_BLOCKS = YES;
				GCC_OPTIMIZATION_LEVEL = 0;
				GCC_PREPROCESSOR_DEFINITIONS = (
					"DEBUG=1",
					"$(inherited)",
				);
				GCC_WARN_64_TO_32_BIT_CONVERSION = YES;
				GCC_WARN_ABOUT_RETURN_TYPE = YES_ERROR;
				GCC_WARN_UNDECLARED_SELECTOR = YES;
				GCC_WARN_UNINITIALIZED_AUTOS = YES_AGGRESSIVE;
				GCC_WARN_UNUSED_FUNCTION = YES;
				GCC_WARN_UNUSED_VARIABLE = YES;
				IPHONEOS_DEPLOYMENT_TARGET = 12.4;
				MTL_ENABLE_DEBUG_INFO = INCLUDE_SOURCE;
				MTL_FAST_MATH = YES;
				ONLY_ACTIVE_ARCH = YES;
				SDKROOT = iphoneos;
				SWIFT_ACTIVE_COMPILATION_CONDITIONS = DEBUG;
				SWIFT_OPTIMIZATION_LEVEL = "-Onone";
			};
			name = Debug;
		};
		4619CDA6230CEED20034D148 /* Release */ = {
			isa = XCBuildConfiguration;
			buildSettings = {
				ALWAYS_SEARCH_USER_PATHS = NO;
				CLANG_ANALYZER_NONNULL = YES;
				CLANG_ANALYZER_NUMBER_OBJECT_CONVERSION = YES_AGGRESSIVE;
				CLANG_CXX_LANGUAGE_STANDARD = "gnu++14";
				CLANG_CXX_LIBRARY = "libc++";
				CLANG_ENABLE_MODULES = YES;
				CLANG_ENABLE_OBJC_ARC = YES;
				CLANG_ENABLE_OBJC_WEAK = YES;
				CLANG_WARN_BLOCK_CAPTURE_AUTORELEASING = YES;
				CLANG_WARN_BOOL_CONVERSION = YES;
				CLANG_WARN_COMMA = YES;
				CLANG_WARN_CONSTANT_CONVERSION = YES;
				CLANG_WARN_DEPRECATED_OBJC_IMPLEMENTATIONS = YES;
				CLANG_WARN_DIRECT_OBJC_ISA_USAGE = YES_ERROR;
				CLANG_WARN_DOCUMENTATION_COMMENTS = YES;
				CLANG_WARN_EMPTY_BODY = YES;
				CLANG_WARN_ENUM_CONVERSION = YES;
				CLANG_WARN_INFINITE_RECURSION = YES;
				CLANG_WARN_INT_CONVERSION = YES;
				CLANG_WARN_NON_LITERAL_NULL_CONVERSION = YES;
				CLANG_WARN_OBJC_IMPLICIT_RETAIN_SELF = YES;
				CLANG_WARN_OBJC_LITERAL_CONVERSION = YES;
				CLANG_WARN_OBJC_ROOT_CLASS = YES_ERROR;
				CLANG_WARN_RANGE_LOOP_ANALYSIS = YES;
				CLANG_WARN_STRICT_PROTOTYPES = YES;
				CLANG_WARN_SUSPICIOUS_MOVE = YES;
				CLANG_WARN_UNGUARDED_AVAILABILITY = YES_AGGRESSIVE;
				CLANG_WARN_UNREACHABLE_CODE = YES;
				CLANG_WARN__DUPLICATE_METHOD_MATCH = YES;
				CODE_SIGN_IDENTITY = "iPhone Developer";
				COPY_PHASE_STRIP = NO;
				DEBUG_INFORMATION_FORMAT = "dwarf-with-dsym";
				ENABLE_NS_ASSERTIONS = NO;
				ENABLE_STRICT_OBJC_MSGSEND = YES;
				GCC_C_LANGUAGE_STANDARD = gnu11;
				GCC_NO_COMMON_BLOCKS = YES;
				GCC_WARN_64_TO_32_BIT_CONVERSION = YES;
				GCC_WARN_ABOUT_RETURN_TYPE = YES_ERROR;
				GCC_WARN_UNDECLARED_SELECTOR = YES;
				GCC_WARN_UNINITIALIZED_AUTOS = YES_AGGRESSIVE;
				GCC_WARN_UNUSED_FUNCTION = YES;
				GCC_WARN_UNUSED_VARIABLE = YES;
				IPHONEOS_DEPLOYMENT_TARGET = 12.4;
				MTL_ENABLE_DEBUG_INFO = NO;
				MTL_FAST_MATH = YES;
				SDKROOT = iphoneos;
				SWIFT_COMPILATION_MODE = wholemodule;
				SWIFT_OPTIMIZATION_LEVEL = "-O";
				VALIDATE_PRODUCT = YES;
			};
			name = Release;
		};
		4619CDA8230CEED20034D148 /* Debug */ = {
			isa = XCBuildConfiguration;
			buildSettings = {
				ASSETCATALOG_COMPILER_APPICON_NAME = AppIcon;
				CODE_SIGN_STYLE = Automatic;
				DEVELOPMENT_TEAM = 92A44HMSPU;
				INFOPLIST_FILE = SwiftSwag/Info.plist;
				LD_RUNPATH_SEARCH_PATHS = (
					"$(inherited)",
					"@executable_path/Frameworks",
				);
				PRODUCT_BUNDLE_IDENTIFIER = com.fernando.SwiftSwag;
				PRODUCT_NAME = "$(TARGET_NAME)";
				SWIFT_VERSION = 5.0;
				TARGETED_DEVICE_FAMILY = "1,2";
			};
			name = Debug;
		};
		4619CDA9230CEED20034D148 /* Release */ = {
			isa = XCBuildConfiguration;
			buildSettings = {
				ASSETCATALOG_COMPILER_APPICON_NAME = AppIcon;
				CODE_SIGN_STYLE = Automatic;
				DEVELOPMENT_TEAM = 92A44HMSPU;
				INFOPLIST_FILE = SwiftSwag/Info.plist;
				LD_RUNPATH_SEARCH_PATHS = (
					"$(inherited)",
					"@executable_path/Frameworks",
				);
				PRODUCT_BUNDLE_IDENTIFIER = com.fernando.SwiftSwag;
				PRODUCT_NAME = "$(TARGET_NAME)";
				SWIFT_VERSION = 5.0;
				TARGETED_DEVICE_FAMILY = "1,2";
			};
			name = Release;
		};
/* End XCBuildConfiguration section */

/* Begin XCConfigurationList section */
		4619CD90230CEECF0034D148 /* Build configuration list for PBXProject "SwiftSwag" */ = {
			isa = XCConfigurationList;
			buildConfigurations = (
				4619CDA5230CEED20034D148 /* Debug */,
				4619CDA6230CEED20034D148 /* Release */,
			);
			defaultConfigurationIsVisible = 0;
			defaultConfigurationName = Release;
		};
		4619CDA7230CEED20034D148 /* Build configuration list for PBXNativeTarget "SwiftSwag" */ = {
			isa = XCConfigurationList;
			buildConfigurations = (
				4619CDA8230CEED20034D148 /* Debug */,
				4619CDA9230CEED20034D148 /* Release */,
			);
			defaultConfigurationIsVisible = 0;
			defaultConfigurationName = Release;
		};
/* End XCConfigurationList section */
	};
	rootObject = 4619CD8D230CEECF0034D148 /* Project object */;
}
